
Microsoft Visual Studio Solution File, Format Version 12.00
# Visual Studio 14
VisualStudioVersion = 14.0.25123.0
MinimumVisualStudioVersion = 10.0.40219.1
Project("{FAE04EC0-301F-11D3-BF4B-00C04F79EFBC}") = "LoansTracking.UI", "LoansTracking.UI\LoansTracking.UI.csproj", "{80D5D6E8-F7BD-4A8C-ADD2-9E43C1A71E20}"
EndProject
Project("{FAE04EC0-301F-11D3-BF4B-00C04F79EFBC}") = "LoansTracking.WebApi", "LoansTracking.WebApi\LoansTracking.WebApi.csproj", "{1D2A1B0D-A203-40B0-9F07-10432971976F}"
EndProject
Project("{FAE04EC0-301F-11D3-BF4B-00C04F79EFBC}") = "LoansTracking.DB", "LoansTracking.DB\LoansTracking.DB.csproj", "{D55EBE69-C1AF-4C24-8A42-750F780A9C0A}"
EndProject
Global
	GlobalSection(SolutionConfigurationPlatforms) = preSolution
		Debug|Any CPU = Debug|Any CPU
		Release|Any CPU = Release|Any CPU
	EndGlobalSection
	GlobalSection(ProjectConfigurationPlatforms) = postSolution
		{80D5D6E8-F7BD-4A8C-ADD2-9E43C1A71E20}.Debug|Any CPU.ActiveCfg = Debug|Any CPU
		{80D5D6E8-F7BD-4A8C-ADD2-9E43C1A71E20}.Debug|Any CPU.Build.0 = Debug|Any CPU
		{80D5D6E8-F7BD-4A8C-ADD2-9E43C1A71E20}.Release|Any CPU.ActiveCfg = Release|Any CPU
		{80D5D6E8-F7BD-4A8C-ADD2-9E43C1A71E20}.Release|Any CPU.Build.0 = Release|Any CPU
		{1D2A1B0D-A203-40B0-9F07-10432971976F}.Debug|Any CPU.ActiveCfg = Debug|Any CPU
		{1D2A1B0D-A203-40B0-9F07-10432971976F}.Debug|Any CPU.Build.0 = Debug|Any CPU
		{1D2A1B0D-A203-40B0-9F07-10432971976F}.Release|Any CPU.ActiveCfg = Release|Any CPU
		{1D2A1B0D-A203-40B0-9F07-10432971976F}.Release|Any CPU.Build.0 = Release|Any CPU
		{D55EBE69-C1AF-4C24-8A42-750F780A9C0A}.Debug|Any CPU.ActiveCfg = Debug|Any CPU
		{D55EBE69-C1AF-4C24-8A42-750F780A9C0A}.Debug|Any CPU.Build.0 = Debug|Any CPU
		{D55EBE69-C1AF-4C24-8A42-750F780A9C0A}.Release|Any CPU.ActiveCfg = Release|Any CPU
		{D55EBE69-C1AF-4C24-8A42-750F780A9C0A}.Release|Any CPU.Build.0 = Release|Any CPU
	EndGlobalSection
	GlobalSection(SolutionProperties) = preSolution
		HideSolutionNode = FALSE
	EndGlobalSection
EndGlobal
